[[package]]
category = "main"
description = "A database migration tool for SQLAlchemy."
name = "alembic"
optional = false
python-versions = ">=2.7, !=3.0.*, !=3.1.*, !=3.2.*, !=3.3.*"
version = "1.0.5"

[package.dependencies]
Mako = "*"
SQLAlchemy = ">=0.9.0"
python-dateutil = "*"
python-editor = ">=0.3"

[[package]]
category = "main"
description = "A library for parsing ISO 8601 strings."
name = "aniso8601"
optional = false
python-versions = "*"
version = "4.0.1"

[[package]]
category = "main"
description = "Atomic file writes."
name = "atomicwrites"
optional = false
python-versions = ">=2.7, !=3.0.*, !=3.1.*, !=3.2.*, !=3.3.*"
version = "1.2.1"

[[package]]
category = "main"
description = "Classes Without Boilerplate"
name = "attrs"
optional = false
python-versions = "*"
version = "18.2.0"

[[package]]
category = "main"
description = "Composable command line interface toolkit"
name = "click"
optional = false
python-versions = ">=2.7, !=3.0.*, !=3.1.*, !=3.2.*, !=3.3.*"
version = "7.0"

[[package]]
category = "main"
description = "Cross-platform colored terminal text."
marker = "sys_platform == \"win32\""
name = "colorama"
optional = false
python-versions = ">=2.7, !=3.0.*, !=3.1.*, !=3.2.*, !=3.3.*"
version = "0.4.1"

[[package]]
category = "main"
description = "A simple framework for building complex web applications."
name = "flask"
optional = false
python-versions = "*"
version = "1.0.2"

[package.dependencies]
Jinja2 = ">=2.10"
Werkzeug = ">=0.14"
click = ">=5.1"
itsdangerous = ">=0.24"

[[package]]
category = "main"
description = "Flask + marshmallow for beautiful APIs"
name = "flask-marshmallow"
optional = false
python-versions = "*"
version = "0.9.0"

[package.dependencies]
Flask = "*"
marshmallow = ">=2.0.0"
six = ">=1.9.0"

[[package]]
category = "main"
description = "SQLAlchemy database migrations for Flask applications using Alembic"
name = "flask-migrate"
optional = false
python-versions = "*"
version = "2.3.1"

[package.dependencies]
Flask = ">=0.9"
Flask-SQLAlchemy = ">=1.0"
alembic = ">=0.7"

[[package]]
category = "main"
description = "Simple framework for creating REST APIs"
name = "flask-restful"
optional = false
python-versions = "*"
version = "0.3.7"

[package.dependencies]
Flask = ">=0.8"
aniso8601 = ">=0.82"
pytz = "*"
six = ">=1.3.0"

[[package]]
category = "main"
description = "Adds SQLAlchemy support to your Flask application"
name = "flask-sqlalchemy"
optional = false
python-versions = "*"
version = "2.3.2"

[package.dependencies]
Flask = ">=0.10"
SQLAlchemy = ">=0.8.0"

[[package]]
category = "main"
description = "Using SQLAlchemy with Spatial Databases"
name = "geoalchemy2"
optional = false
python-versions = "*"
version = "0.5.0"

[package.dependencies]
SQLAlchemy = ">=0.8"

[[package]]
category = "main"
description = "Python bindings and utilities for GeoJSON"
name = "geojson"
optional = false
python-versions = "*"
version = "2.4.1"

[[package]]
category = "main"
description = "Various helpers to pass data to untrusted environments and back."
name = "itsdangerous"
optional = false
python-versions = ">=2.7, !=3.0.*, !=3.1.*, !=3.2.*, !=3.3.*"
version = "1.1.0"

[[package]]
category = "main"
description = "A small but fast and easy to use stand-alone template engine written in pure python."
name = "jinja2"
optional = false
python-versions = "*"
version = "2.10"

[package.dependencies]
MarkupSafe = ">=0.23"

[[package]]
category = "main"
description = "A super-fast templating language that borrows the  best ideas from the existing templating languages."
name = "mako"
optional = false
python-versions = "*"
version = "1.0.7"

[package.dependencies]
MarkupSafe = ">=0.9.2"

[[package]]
category = "main"
description = "Safely add untrusted strings to HTML/XML markup."
name = "markupsafe"
optional = false
python-versions = ">=2.7,!=3.0.*,!=3.1.*,!=3.2.*,!=3.3.*"
version = "1.1.0"

[[package]]
category = "main"
description = "A lightweight library for converting complex datatypes to and from native Python datatypes."
name = "marshmallow"
optional = false
python-versions = "*"
version = "2.16.1"

[[package]]
category = "main"
description = "SQLAlchemy integration with the marshmallow (de)serialization library"
name = "marshmallow-sqlalchemy"
optional = false
python-versions = "*"
version = "0.15.0"

[package.dependencies]
SQLAlchemy = ">=0.9.7"
marshmallow = ">=2.0.0"

[[package]]
category = "main"
description = "More routines for operating on iterables, beyond itertools"
name = "more-itertools"
optional = false
python-versions = "*"
version = "5.0.0"

[package.dependencies]
six = ">=1.0.0,<2.0.0"

[[package]]
category = "main"
description = "plugin and hook calling mechanisms for python"
name = "pluggy"
optional = false
python-versions = ">=2.7, !=3.0.*, !=3.1.*, !=3.2.*, !=3.3.*"
version = "0.8.1"

[[package]]
category = "main"
description = "psycopg2 - Python-PostgreSQL Database Adapter"
name = "psycopg2"
optional = false
python-versions = "*"
version = "2.7.6.1"

[[package]]
category = "main"
description = "psycopg2 - Python-PostgreSQL Database Adapter"
name = "psycopg2-binary"
optional = false
python-versions = "*"
version = "2.7.6.1"

[[package]]
category = "main"
description = "library with cross-python path, ini-parsing, io, code, log facilities"
name = "py"
optional = false
python-versions = ">=2.7, !=3.0.*, !=3.1.*, !=3.2.*, !=3.3.*"
version = "1.7.0"

[[package]]
category = "main"
description = "Python interface to PROJ.4 library"
name = "pyproj"
optional = false
python-versions = "*"
version = "1.9.6"

[[package]]
category = "main"
description = "pytest: simple powerful testing with Python"
name = "pytest"
optional = false
python-versions = ">=2.7, !=3.0.*, !=3.1.*, !=3.2.*, !=3.3.*"
version = "4.1.1"

[package.dependencies]
atomicwrites = ">=1.0"
attrs = ">=17.4.0"
colorama = "*"
more-itertools = ">=4.0.0"
pluggy = ">=0.7"
py = ">=1.5.0"
setuptools = "*"
six = ">=1.10.0"

[[package]]
category = "main"
description = "A py.test plugin that parses environment files before running tests"
name = "pytest-dotenv"
optional = false
python-versions = "*"
version = "0.3.1"

[package.dependencies]
pytest = ">=2.6.0"
python-dotenv = ">=0.9.1"

[[package]]
category = "main"
description = "Extensions to the standard Python datetime module"
name = "python-dateutil"
optional = false
python-versions = ">=2.7, !=3.0.*, !=3.1.*, !=3.2.*"
version = "2.7.5"

[package.dependencies]
six = ">=1.5"

[[package]]
category = "main"
description = "Add .env support to your django/flask apps in development and deployments"
name = "python-dotenv"
optional = false
python-versions = "*"
version = "0.10.1"

[[package]]
category = "main"
description = "Programmatically open an editor, capture the result."
name = "python-editor"
optional = false
python-versions = "*"
version = "1.0.3"

[[package]]
category = "main"
description = "World timezone definitions, modern and historical"
name = "pytz"
optional = false
python-versions = "*"
version = "2018.9"

[[package]]
category = "main"
description = "Geometric objects, predicates, and operations"
name = "shapely"
optional = false
python-versions = "*"
version = "1.6.4.post2"

[[package]]
category = "main"
description = "Python 2 and 3 compatibility utilities"
name = "six"
optional = false
python-versions = ">=2.6, !=3.0.*, !=3.1.*"
version = "1.12.0"

[[package]]
category = "main"
description = "Database Abstraction Library"
name = "sqlalchemy"
optional = false
python-versions = "*"
version = "1.2.15"

[[package]]
category = "main"
description = "The comprehensive WSGI web application library."
name = "werkzeug"
optional = false
python-versions = "*"
version = "0.14.1"

[metadata]
content-hash = "3bb2da7f92c6640840c6c36e228c64f1ac3a71930a95db91eb0a3919286e3532"
python-versions = "^3.7"

[metadata.hashes]
alembic = ["e9ffdece0eece55f4108b14b6b0f29ffc730d58e28446a434fe41a1cc5c5f266"]
aniso8601 = ["547e7bc88c19742e519fb4ca39f4b8113fdfb8fca322e325f16a8bfc6cfc553c", "e7560de91bf00baa712b2550a2fdebf0188c5fce2fcd1162fbac75c19bb29c95"]
atomicwrites = ["0312ad34fcad8fac3704d441f7b317e50af620823353ec657a53e981f92920c0", "ec9ae8adaae229e4f8446952d204a3e4b5fdd2d099f9be3aaf556120135fb3ee"]
attrs = ["10cbf6e27dbce8c30807caf056c8eb50917e0eaafe86347671b57254006c3e69", "ca4be454458f9dec299268d472aaa5a11f67a4ff70093396e1ceae9c76cf4bbb"]
click = ["2335065e6395b9e67ca716de5f7526736bfa6ceead690adf616d925bdc622b13", "5b94b49521f6456670fdb30cd82a4eca9412788a93fa6dd6df72c94d5a8ff2d7"]
colorama = ["05eed71e2e327246ad6b38c540c4a3117230b19679b875190486ddd2d721422d", "f8ac84de7840f5b9c4e3347b3c1eaa50f7e49c2b07596221daec5edaabbd7c48"]
flask = ["2271c0070dbcb5275fad4a82e29f23ab92682dc45f9dfbc22c02ba9b9322ce48", "a080b744b7e345ccfcbc77954861cb05b3c63786e93f2b3875e0913d44b43f05"]
flask-marshmallow = ["75c9d80f22af982b1e8ccec109d3b75c14bb5570602ae3705a4ff775badd2816", "db7aff4130eb99fd05ab78fd2e2c58843ba0f208899aeb1c14aff9cd98ae8c80"]
flask-migrate = ["0c42c34357b24faac63bc6e7af028c8614235f5210eded53802ced450c5392c2", "8356fa6a02694da34e78da1e38cf91c944b219f4bd4b89493a3b261a305994ab"]
flask-restful = ["ecd620c5cc29f663627f99e04f17d1f16d095c83dc1d618426e2ad68b03092f8", "f8240ec12349afe8df1db168ea7c336c4e5b0271a36982bff7394f93275f2ca9"]
flask-sqlalchemy = ["3bc0fac969dd8c0ace01b32060f0c729565293302f0c4269beed154b46bec50b", "5971b9852b5888655f11db634e87725a9031e170f37c0ce7851cf83497f56e53"]
geoalchemy2 = ["7d66d01af82d22bc37d3ebb1e73713b87ac5e116b3bc82ea4ec0584bbaa89f89", "eed7a62f5a13d1bbfaff708b345da663fb32ef879b662db6254b46f22bb93fe1"]
geojson = ["b175e00a76d923d6e7409de0784c147adcdd6e04b311b1d405895a4db3612c9d", "b2bfb5c8e6b4b0c55dd139996317145aa8526146b3f8570586f9613c527a648a"]
itsdangerous = ["321b033d07f2a4136d3ec762eac9f16a10ccd60f53c0c91af90217ace7ba1f19", "b12271b2047cb23eeb98c8b5622e2e5c5e9abd9784a153e9d8ef9cb4dd09d749"]
jinja2 = ["74c935a1b8bb9a3947c50a54766a969d4846290e1e788ea44c1392163723c3bd", "f84be1bb0040caca4cea721fcbbbbd61f9be9464ca236387158b0feea01914a4"]
mako = ["4e02fde57bd4abb5ec400181e4c314f56ac3e49ba4fb8b0d50bba18cb27d25ae"]
markupsafe = ["048ef924c1623740e70204aa7143ec592504045ae4429b59c30054cb31e3c432", "130f844e7f5bdd8e9f3f42e7102ef1d49b2e6fdf0d7526df3f87281a532d8c8b", "19f637c2ac5ae9da8bfd98cef74d64b7e1bb8a63038a3505cd182c3fac5eb4d9", "1b8a7a87ad1b92bd887568ce54b23565f3fd7018c4180136e1cf412b405a47af", "1c25694ca680b6919de53a4bb3bdd0602beafc63ff001fea2f2fc16ec3a11834", "1f19ef5d3908110e1e891deefb5586aae1b49a7440db952454b4e281b41620cd", "1fa6058938190ebe8290e5cae6c351e14e7bb44505c4a7624555ce57fbbeba0d", "31cbb1359e8c25f9f48e156e59e2eaad51cd5242c05ed18a8de6dbe85184e4b7", "3e835d8841ae7863f64e40e19477f7eb398674da6a47f09871673742531e6f4b", "4e97332c9ce444b0c2c38dd22ddc61c743eb208d916e4265a2a3b575bdccb1d3", "525396ee324ee2da82919f2ee9c9e73b012f23e7640131dd1b53a90206a0f09c", "52b07fbc32032c21ad4ab060fec137b76eb804c4b9a1c7c7dc562549306afad2", "52ccb45e77a1085ec5461cde794e1aa037df79f473cbc69b974e73940655c8d7", "5c3fbebd7de20ce93103cb3183b47671f2885307df4a17a0ad56a1dd51273d36", "5e5851969aea17660e55f6a3be00037a25b96a9b44d2083651812c99d53b14d1", "5edfa27b2d3eefa2210fb2f5d539fbed81722b49f083b2c6566455eb7422fd7e", "7d263e5770efddf465a9e31b78362d84d015cc894ca2c131901a4445eaa61ee1", "83381342bfc22b3c8c06f2dd93a505413888694302de25add756254beee8449c", "857eebb2c1dc60e4219ec8e98dfa19553dae33608237e107db9c6078b1167856", "98e439297f78fca3a6169fd330fbe88d78b3bb72f967ad9961bcac0d7fdd1550", "bf54103892a83c64db58125b3f2a43df6d2cb2d28889f14c78519394feb41492", "d9ac82be533394d341b41d78aca7ed0e0f4ba5a2231602e2f05aa87f25c51672", "e982fe07ede9fada6ff6705af70514a52beb1b2c3d25d4e873e82114cf3c5401", "edce2ea7f3dfc981c4ddc97add8a61381d9642dc3273737e756517cc03e84dd6", "efdc45ef1afc238db84cb4963aa689c0408912a0239b0721cb172b4016eb31d6", "f137c02498f8b935892d5c0172560d7ab54bc45039de8805075e19079c639a9c", "f82e347a72f955b7017a39708a3667f106e6ad4d10b25f237396a7115d8ed5fd", "fb7c206e01ad85ce57feeaaa0bf784b97fa3cad0d4a5737bc5295785f5c613a1"]
marshmallow = ["b334bf0f4af48689b2148206e29220dfd14c3065590df7d24301c0199476aa04", "ce79c55b3581b35e689ae427674207ce1ead00f098bb71b1fa58cfc39b0bbe50"]
marshmallow-sqlalchemy = ["1a4813bbcd2a34f10b1fcad5f4ed85355739f39edb223e6cf68a95bd75807885", "5fc53b6fac10c3e0d0c3e1ba19312860b54534ffc56bc5d9615bf680f35a18de"]
more-itertools = ["38a936c0a6d98a38bcc2d03fdaaedaba9f412879461dd2ceff8d37564d6522e4", "c0a5785b1109a6bd7fac76d6837fd1feca158e54e521ccd2ae8bfe393cc9d4fc", "fe7a7cae1ccb57d33952113ff4fa1bc5f879963600ed74918f1236e212ee50b9"]
pluggy = ["8ddc32f03971bfdf900a81961a48ccf2fb677cf7715108f85295c67405798616", "980710797ff6a041e9a73a5787804f848996ecaa6f8a1b1e08224a5894f2074a"]
psycopg2 = ["10e391687b171878181e71736d0effe3772314a339d9ae30995ec8171a0c834e", "1283f9d45e458c2dcb15ba89367923563f90ef636fe78ee22df75183484a0237", "1a9c32e4d140bea225f9821d993b2e53c913e717ea97b851246aa9b300095d8f", "1be6f2438d2b71fec7b07c3c0949dd321b04349c382907ea76b36120edec8300", "20ca6f29e118b8dd7133e8708b3fba2881e70a4e0841f874ed23985b7201a076", "227c115b3c1f65d61385e51ac690b91b584640aefb45bffacd4bd33d02ed7221", "27959abe64ca1fc6d8cd11a71a1f421d8287831a3262bd4cacd43bbf43cc3c82", "2b2daf1fe30a58300542aea679fd87d1e1c2afd36e7644837b7954fa2dbacb92", "36e51a51f295fdf67bcf05e7b1877011a6b39e6622b0013fe31c5025241873a3", "3992b9b914f2eb77dc07e8045d2ca979e491612808bc5c7cd68f307469acf9f6", "39a11de2335ad45ececed43ab851d36a4c52843d756471b940804f301792781e", "3c2afe9ef0d1649005e3ccf93c1aaccd6f8ee379530e763d3b3b77f406b7c0ae", "3fb18e0e52807fe3a300dc1b5421aa492d5e759550918f597d61863419482535", "55eab94de96ee9702f23283e9c8b03cfdb0001e2b14d5d2e1bd5ff8114b96b9f", "7e95c0ab7e7e6e452586f35d4d8966b1e924c8dd2c23977e3ea4968770ff1d26", "7f47514dbddf604f196fcfe5da955537f04691bef8124aff5632316a78d992b7", "8345370356bb4bddf93acbcfd0357163dd6b09471937adcfb38a2fbb49bdce53", "8bc6ecb220c0b88d3742042013129c817c44459795c97e9ce1bca70a3f37a53b", "8df623f248be15d1725faf5f333791678775047f12f17a90d29b5d22573f5cdc", "9645f1305e4268cc0fc88c823cd6c91de27c003e183c233a6a230e5e963039ee", "a68719ed5be8373dd72c9e45d55f7a202285e05a2e392eaa8872a67ea47d7d20", "aca0edf062ec09e954fdf0cc93d3a872362701210983a1442549e703aedec25d", "b0dd2114d93d8f424bb8ae76e0dc540f104b70ca9163172c05e7700b1459d4c9", "b2c09359d6802279efb9efb3f91a9c94567151baee95175f9b637ea628f35244", "ca7bc37b1efb7cc25271bf10f398462ed975d95259af1406d38fcb268466e34f", "e64235d9013ebf6319cb9654e08f5066112c34d8c4cc41186254ab9c3d6d5b9b", "ec9be679c0065667503851141c31fa699e1cc69ded3ba8e5d3673dd5a6eb1370", "eca00d0f91fcb44d88b12f1fd16ad138e38fa07debb79587e2b7ff1fe80d72b9", "f256e807b8b2b45b6af60d7f2bb5194aab2f4acc861241c4d8ef942a55f5030d", "fce7612a3bd6a7ba95799f88285653bf130bd7ca066b52674d5f850108b2aec0"]
psycopg2-binary = ["036bcb198a7cc4ce0fe43344f8c2c9a8155aefa411633f426c8c6ed58a6c0426", "1d770fcc02cdf628aebac7404d56b28a7e9ebec8cfc0e63260bd54d6edfa16d4", "1fdc6f369dcf229de6c873522d54336af598b9470ccd5300e2f58ee506f5ca13", "21f9ddc0ff6e07f7d7b6b484eb9da2c03bc9931dd13e36796b111d631f7135a3", "247873cda726f7956f745a3e03158b00de79c4abea8776dc2f611d5ba368d72d", "3aa31c42f29f1da6f4fd41433ad15052d5ff045f2214002e027a321f79d64e2c", "475f694f87dbc619010b26de7d0fc575a4accf503f2200885cc21f526bffe2ad", "4b5e332a24bf6e2fda1f51ca2a57ae1083352293a08eeea1fa1112dc7dd542d1", "570d521660574aca40be7b4d532dfb6f156aad7b16b5ed62d1534f64f1ef72d8", "59072de7def0690dd13112d2bdb453e20570a97297070f876fbbb7cbc1c26b05", "5f0b658989e918ef187f8a08db0420528126f2c7da182a7b9f8bf7f85144d4e4", "649199c84a966917d86cdc2046e03d536763576c0b2a756059ae0b3a9656bc20", "6645fc9b4705ae8fbf1ef7674f416f89ae1559deec810f6dd15197dfa52893da", "6872dd54d4e398d781efe8fe2e2d7eafe4450d61b5c4898aced7610109a6df75", "6ce34fbc251fc0d691c8d131250ba6f42fd2b28ef28558d528ba8c558cb28804", "73920d167a0a4d1006f5f3b9a3efce6f0e5e883a99599d38206d43f27697df00", "8a671732b87ae423e34b51139628123bc0306c2cb85c226e71b28d3d57d7e42a", "8d517e8fda2efebca27c2018e14c90ed7dc3f04d7098b3da2912e62a1a5585fe", "9475a008eb7279e20d400c76471843c321b46acacc7ee3de0b47233a1e3fa2cf", "96947b8cd7b3148fb0e6549fcb31258a736595d6f2a599f8cd450e9a80a14781", "abf229f24daa93f67ac53e2e17c8798a71a01711eb9fcdd029abba8637164338", "b1ab012f276df584beb74f81acb63905762c25803ece647016613c3d6ad4e432", "b22b33f6f0071fe57cb4e9158f353c88d41e739a3ec0d76f7b704539e7076427", "b3b2d53274858e50ad2ffdd6d97ce1d014e1e530f82ec8b307edd5d4c921badf", "bab26a729befc7b9fab9ded1bba9c51b785188b79f8a2796ba03e7e734269e2e", "daa1a593629aa49f506eddc9d23dc7f89b35693b90e1fbcd4480182d1203ea90", "dd111280ce40e89fd17b19c1269fd1b74a30fce9d44a550840e86edb33924eb8", "e0b86084f1e2e78c451994410de756deba206884d6bed68d5a3d7f39ff5fea1d", "eb86520753560a7e89639500e2a254bb6f683342af598088cb72c73edcad21e6", "ff18c5c40a38d41811c23e2480615425c97ea81fd7e9118b8b899c512d97c737"]
py = ["bf92637198836372b520efcba9e020c330123be8ce527e535d185ed4b6f45694", "e76826342cefe3c3d5f7e8ee4316b80d1dd8a300781612ddbc765c17ba25a6c6"]
pyproj = ["e0c02b1554b20c710d16d673817b2a89ff94738b0b537aead8ecb2edc4c4487b"]
pytest = ["41568ea7ecb4a68d7f63837cf65b92ce8d0105e43196ff2b26622995bb3dc4b2", "c3c573a29d7c9547fb90217ece8a8843aa0c1328a797e200290dc3d0b4b823be"]
pytest-dotenv = ["2165fda4a93140dced34b96005e767ab46982f88e1ffe5a1b198f8cca25bdbf1", "b2f9deb6c0ba344a6418407dbc9901ee394ec1e042b3422167c02718548416c3"]
python-dateutil = ["063df5763652e21de43de7d9e00ccf239f953a832941e37be541614732cdfc93", "88f9287c0174266bb0d8cedd395cfba9c58e87e5ad86b2ce58859bc11be3cf02"]
python-dotenv = ["a84569d0e00d178bc5b957f7ff208bf49287cbf61857c31c258c4a91f571527b", "c9b1ddd3cdbe75c7d462cb84674d87130f4b948f090f02c7d7144779afb99ae0"]
python-editor = ["a3c066acee22a1c94f63938341d4fb374e3fdd69366ed6603d7b24bed1efc565"]
pytz = ["32b0891edff07e28efe91284ed9c31e123d84bea3fd98e1f72be2508f43ef8d9", "d5f05e487007e29e03409f9398d074e158d920d36eb82eaf66fb1136b0c5374c"]
shapely = ["0378964902f89b8dbc332e5bdfa08e0bc2f7ab39fecaeb17fbb2a7699a44fe71", "34e7c6f41fb27906ccdf2514ee44a5774b90b39a256b6511a6a57d11ffe64999", "3ca69d4b12e2b05b549465822744b6a3a1095d8488cc27b2728a06d3c07d0eee", "3e9388f29bd81fcd4fa5c35125e1fbd4975ee36971a87a90c093f032d0e9de24", "3ef28e3f20a1c37f5b99ea8cf8dcb58e2f1a8762d65ed2d21fd92bf1d4811182", "523c94403047eb6cacd7fc1863ebef06e26c04d8a4e7f8f182d49cd206fe787e", "5d22a1a705c2f70f61ccadc696e33d922c1a92e00df8e1d58a6ade14dd7e3b4f", "714b6680215554731389a1bbdae4cec61741aa4726921fa2b2b96a6f578a2534", "7dfe1528650c3f0dc82f41a74cf4f72018288db9bfb75dcd08f6f04233ec7e78", "ba58b21b9cf3c33725f7f530febff9ed6a6846f9d0bf8a120fc74683ff919f89", "c4b87bb61fc3de59fc1f85e71a79b0c709dc68364d9584473697aad4aa13240f", "ebb4d2bee7fac3f6c891fcdafaa17f72ab9c6480f6d00de0b2dc9a5137dfe342"]
six = ["3350809f0555b11f552448330d0b52d5f24c91a322ea4a15ef22629740f3761c", "d16a0141ec1a18405cd4ce8b4613101da75da0e9a7aec5bdd4fa804d0e0eba73"]
sqlalchemy = ["809547455d012734b4252081db1e6b4fc731de2299f3755708c39863625e1c77"]
werkzeug = ["c3fd7a7d41976d9f44db327260e263132466836cef6f91512889ed60ad26557c", "d5da73735293558eb1651ee2fddc4d0dedcfa06538b8813a2e20011583c9e49b"]
